// !$*UTF8*$!
{
	archiveVersion = 1;
	classes = {
	};
	objectVersion = 46;
	objects = {

/* Begin PBXBuildFile section */
		BF97E24C1769A64300249B2A /* UIKit.framework in Frameworks */ = {isa = PBXBuildFile; fileRef = BF97E24B1769A64300249B2A /* UIKit.framework */; };
		BF97E24E1769A64300249B2A /* Foundation.framework in Frameworks */ = {isa = PBXBuildFile; fileRef = BF97E24D1769A64300249B2A /* Foundation.framework */; };
		BF97E2501769A64300249B2A /* CoreGraphics.framework in Frameworks */ = {isa = PBXBuildFile; fileRef = BF97E24F1769A64300249B2A /* CoreGraphics.framework */; };
		BF97E2561769A64300249B2A /* InfoPlist.strings in Resources */ = {isa = PBXBuildFile; fileRef = BF97E2541769A64300249B2A /* InfoPlist.strings */; };
		BF97E2581769A64300249B2A /* main.m in Sources */ = {isa = PBXBuildFile; fileRef = BF97E2571769A64300249B2A /* main.m */; };
		BF97E25C1769A64300249B2A /* AppDelegate.m in Sources */ = {isa = PBXBuildFile; fileRef = BF97E25B1769A64300249B2A /* AppDelegate.m */; };
		BF97E25E1769A64300249B2A /* Default.png in Resources */ = {isa = PBXBuildFile; fileRef = BF97E25D1769A64300249B2A /* Default.png */; };
		BF97E2601769A64300249B2A /* Default@2x.png in Resources */ = {isa = PBXBuildFile; fileRef = BF97E25F1769A64300249B2A /* Default@2x.png */; };
		BF97E2621769A64300249B2A /* Default-568h@2x.png in Resources */ = {isa = PBXBuildFile; fileRef = BF97E2611769A64300249B2A /* Default-568h@2x.png */; };
		BF97E2B01769AE6C00249B2A /* ASIAuthenticationDialog.m in Sources */ = {isa = PBXBuildFile; fileRef = BF97E2951769AE6C00249B2A /* ASIAuthenticationDialog.m */; };
		BF97E2B11769AE6C00249B2A /* ASIDataCompressor.m in Sources */ = {isa = PBXBuildFile; fileRef = BF97E2981769AE6C00249B2A /* ASIDataCompressor.m */; };
		BF97E2B21769AE6C00249B2A /* ASIDataDecompressor.m in Sources */ = {isa = PBXBuildFile; fileRef = BF97E29A1769AE6C00249B2A /* ASIDataDecompressor.m */; };
		BF97E2B31769AE6C00249B2A /* ASIDownloadCache.m in Sources */ = {isa = PBXBuildFile; fileRef = BF97E29C1769AE6C00249B2A /* ASIDownloadCache.m */; };
		BF97E2B41769AE6C00249B2A /* ASIFormDataRequest.m in Sources */ = {isa = PBXBuildFile; fileRef = BF97E29E1769AE6C00249B2A /* ASIFormDataRequest.m */; };
		BF97E2B51769AE6C00249B2A /* ASIHTTPRequest.m in Sources */ = {isa = PBXBuildFile; fileRef = BF97E2A01769AE6C00249B2A /* ASIHTTPRequest.m */; };
		BF97E2B61769AE6C00249B2A /* ASIInputStream.m in Sources */ = {isa = PBXBuildFile; fileRef = BF97E2A41769AE6C00249B2A /* ASIInputStream.m */; };
		BF97E2B71769AE6C00249B2A /* ASINetworkQueue.m in Sources */ = {isa = PBXBuildFile; fileRef = BF97E2A61769AE6C00249B2A /* ASINetworkQueue.m */; };
		BF97E2B81769AE6C00249B2A /* Reachability.m in Sources */ = {isa = PBXBuildFile; fileRef = BF97E2A91769AE6C00249B2A /* Reachability.m */; };
		BF97E2B91769AE6C00249B2A /* JSONKit.m in Sources */ = {isa = PBXBuildFile; fileRef = BF97E2AC1769AE6C00249B2A /* JSONKit.m */; };
		BF97E2BA1769AE6C00249B2A /* XMLReader.m in Sources */ = {isa = PBXBuildFile; fileRef = BF97E2AF1769AE6C00249B2A /* XMLReader.m */; };
		BF97E2BE1769AED300249B2A /* TSDataBase in Resources */ = {isa = PBXBuildFile; fileRef = BF97E2BD1769AED300249B2A /* TSDataBase */; };
		BF97E2C51769B08B00249B2A /* RootViewController.m in Sources */ = {isa = PBXBuildFile; fileRef = BF97E2C31769B08B00249B2A /* RootViewController.m */; };
		BF97E2C61769B08B00249B2A /* RootViewController.xib in Resources */ = {isa = PBXBuildFile; fileRef = BF97E2C41769B08B00249B2A /* RootViewController.xib */; };
		BF97E2CB1769C2E800249B2A /* DemoClient.m in Sources */ = {isa = PBXBuildFile; fileRef = BF97E2CA1769C2E800249B2A /* DemoClient.m */; };
		BF97E2CF1769D01C00249B2A /* MBProgressHUD.m in Sources */ = {isa = PBXBuildFile; fileRef = BF97E2CE1769D01C00249B2A /* MBProgressHUD.m */; };
		BF97E2D11769D19800249B2A /* libsqlite3.dylib in Frameworks */ = {isa = PBXBuildFile; fileRef = BF97E2D01769D19800249B2A /* libsqlite3.dylib */; };
		BF97E2D31769D19E00249B2A /* libz.dylib in Frameworks */ = {isa = PBXBuildFile; fileRef = BF97E2D21769D19E00249B2A /* libz.dylib */; };
		BF97E2D51769D1AB00249B2A /* SystemConfiguration.framework in Frameworks */ = {isa = PBXBuildFile; fileRef = BF97E2D41769D1AA00249B2A /* SystemConfiguration.framework */; };
		BF97E2D71769D1B300249B2A /* QuartzCore.framework in Frameworks */ = {isa = PBXBuildFile; fileRef = BF97E2D61769D1B300249B2A /* QuartzCore.framework */; };
		BF97E2D91769D1B700249B2A /* CFNetwork.framework in Frameworks */ = {isa = PBXBuildFile; fileRef = BF97E2D81769D1B700249B2A /* CFNetwork.framework */; };
		BF97E2DB1769D1C400249B2A /* MobileCoreServices.framework in Frameworks */ = {isa = PBXBuildFile; fileRef = BF97E2DA1769D1C400249B2A /* MobileCoreServices.framework */; };
		BF97E2DD1769D1EA00249B2A /* ImageIO.framework in Frameworks */ = {isa = PBXBuildFile; fileRef = BF97E2DC1769D1EA00249B2A /* ImageIO.framework */; };
		BF97E2DF1769D6AD00249B2A /* TSDefaultSmallImage.png in Resources */ = {isa = PBXBuildFile; fileRef = BF97E2DE1769D6AD00249B2A /* TSDefaultSmallImage.png */; };
		BFB70C50176A0FE600A433BA /* TSDBConnection.m in Sources */ = {isa = PBXBuildFile; fileRef = BFB70C3A176A0FE600A433BA /* TSDBConnection.m */; };
		BFB70C51176A0FE600A433BA /* TSStatement.m in Sources */ = {isa = PBXBuildFile; fileRef = BFB70C3C176A0FE600A433BA /* TSStatement.m */; };
		BFB70C52176A0FE600A433BA /* TSImageDownloader.m in Sources */ = {isa = PBXBuildFile; fileRef = BFB70C3F176A0FE600A433BA /* TSImageDownloader.m */; };
		BFB70C53176A0FE600A433BA /* TSImageStore.m in Sources */ = {isa = PBXBuildFile; fileRef = BFB70C41176A0FE600A433BA /* TSImageStore.m */; };
		BFB70C54176A0FE600A433BA /* TSImageStoreReceiver.m in Sources */ = {isa = PBXBuildFile; fileRef = BFB70C43176A0FE600A433BA /* TSImageStoreReceiver.m */; };
		BFB70C55176A0FE600A433BA /* TSBaseClient.m in Sources */ = {isa = PBXBuildFile; fileRef = BFB70C46176A0FE600A433BA /* TSBaseClient.m */; };
		BFB70C56176A0FE600A433BA /* TSClientQueue.m in Sources */ = {isa = PBXBuildFile; fileRef = BFB70C48176A0FE600A433BA /* TSClientQueue.m */; };
		BFB70C57176A0FE600A433BA /* TSImageButton.m in Sources */ = {isa = PBXBuildFile; fileRef = BFB70C4B176A0FE600A433BA /* TSImageButton.m */; };
		BFB70C58176A0FE600A433BA /* TSImageView.m in Sources */ = {isa = PBXBuildFile; fileRef = BFB70C4E176A0FE600A433BA /* TSImageView.m */; };
/* End PBXBuildFile section */

/* Begin PBXFileReference section */
		BF97E2481769A64300249B2A /* TSNetwork.app */ = {isa = PBXFileReference; explicitFileType = wrapper.application; includeInIndex = 0; path = TSNetwork.app; sourceTree = BUILT_PRODUCTS_DIR; };
		BF97E24B1769A64300249B2A /* UIKit.framework */ = {isa = PBXFileReference; lastKnownFileType = wrapper.framework; name = UIKit.framework; path = System/Library/Frameworks/UIKit.framework; sourceTree = SDKROOT; };
		BF97E24D1769A64300249B2A /* Foundation.framework */ = {isa = PBXFileReference; lastKnownFileType = wrapper.framework; name = Foundation.framework; path = System/Library/Frameworks/Foundation.framework; sourceTree = SDKROOT; };
		BF97E24F1769A64300249B2A /* CoreGraphics.framework */ = {isa = PBXFileReference; lastKnownFileType = wrapper.framework; name = CoreGraphics.framework; path = System/Library/Frameworks/CoreGraphics.framework; sourceTree = SDKROOT; };
		BF97E2531769A64300249B2A /* TSNetwork-Info.plist */ = {isa = PBXFileReference; lastKnownFileType = text.plist.xml; path = "TSNetwork-Info.plist"; sourceTree = "<group>"; };
		BF97E2551769A64300249B2A /* en */ = {isa = PBXFileReference; lastKnownFileType = text.plist.strings; name = en; path = en.lproj/InfoPlist.strings; sourceTree = "<group>"; };
		BF97E2571769A64300249B2A /* main.m */ = {isa = PBXFileReference; lastKnownFileType = sourcecode.c.objc; path = main.m; sourceTree = "<group>"; };
		BF97E2591769A64300249B2A /* TSNetwork-Prefix.pch */ = {isa = PBXFileReference; lastKnownFileType = sourcecode.c.h; path = "TSNetwork-Prefix.pch"; sourceTree = "<group>"; };
		BF97E25A1769A64300249B2A /* AppDelegate.h */ = {isa = PBXFileReference; lastKnownFileType = sourcecode.c.h; path = AppDelegate.h; sourceTree = "<group>"; };
		BF97E25B1769A64300249B2A /* AppDelegate.m */ = {isa = PBXFileReference; lastKnownFileType = sourcecode.c.objc; path = AppDelegate.m; sourceTree = "<group>"; };
		BF97E25D1769A64300249B2A /* Default.png */ = {isa = PBXFileReference; lastKnownFileType = image.png; path = Default.png; sourceTree = "<group>"; };
		BF97E25F1769A64300249B2A /* Default@2x.png */ = {isa = PBXFileReference; lastKnownFileType = image.png; path = "Default@2x.png"; sourceTree = "<group>"; };
		BF97E2611769A64300249B2A /* Default-568h@2x.png */ = {isa = PBXFileReference; lastKnownFileType = image.png; path = "Default-568h@2x.png"; sourceTree = "<group>"; };
		BF97E2941769AE6C00249B2A /* ASIAuthenticationDialog.h */ = {isa = PBXFileReference; fileEncoding = 4; lastKnownFileType = sourcecode.c.h; path = ASIAuthenticationDialog.h; sourceTree = "<group>"; };
		BF97E2951769AE6C00249B2A /* ASIAuthenticationDialog.m */ = {isa = PBXFileReference; fileEncoding = 4; lastKnownFileType = sourcecode.c.objc; path = ASIAuthenticationDialog.m; sourceTree = "<group>"; };
		BF97E2961769AE6C00249B2A /* ASICacheDelegate.h */ = {isa = PBXFileReference; fileEncoding = 4; lastKnownFileType = sourcecode.c.h; path = ASICacheDelegate.h; sourceTree = "<group>"; };
		BF97E2971769AE6C00249B2A /* ASIDataCompressor.h */ = {isa = PBXFileReference; fileEncoding = 4; lastKnownFileType = sourcecode.c.h; path = ASIDataCompressor.h; sourceTree = "<group>"; };
		BF97E2981769AE6C00249B2A /* ASIDataCompressor.m */ = {isa = PBXFileReference; fileEncoding = 4; lastKnownFileType = sourcecode.c.objc; path = ASIDataCompressor.m; sourceTree = "<group>"; };
		BF97E2991769AE6C00249B2A /* ASIDataDecompressor.h */ = {isa = PBXFileReference; fileEncoding = 4; lastKnownFileType = sourcecode.c.h; path = ASIDataDecompressor.h; sourceTree = "<group>"; };
		BF97E29A1769AE6C00249B2A /* ASIDataDecompressor.m */ = {isa = PBXFileReference; fileEncoding = 4; lastKnownFileType = sourcecode.c.objc; path = ASIDataDecompressor.m; sourceTree = "<group>"; };
		BF97E29B1769AE6C00249B2A /* ASIDownloadCache.h */ = {isa = PBXFileReference; fileEncoding = 4; lastKnownFileType = sourcecode.c.h; path = ASIDownloadCache.h; sourceTree = "<group>"; };
		BF97E29C1769AE6C00249B2A /* ASIDownloadCache.m */ = {isa = PBXFileReference; fileEncoding = 4; lastKnownFileType = sourcecode.c.objc; path = ASIDownloadCache.m; sourceTree = "<group>"; };
		BF97E29D1769AE6C00249B2A /* ASIFormDataRequest.h */ = {isa = PBXFileReference; fileEncoding = 4; lastKnownFileType = sourcecode.c.h; path = ASIFormDataRequest.h; sourceTree = "<group>"; };
		BF97E29E1769AE6C00249B2A /* ASIFormDataRequest.m */ = {isa = PBXFileReference; fileEncoding = 4; lastKnownFileType = sourcecode.c.objc; path = ASIFormDataRequest.m; sourceTree = "<group>"; };
		BF97E29F1769AE6C00249B2A /* ASIHTTPRequest.h */ = {isa = PBXFileReference; fileEncoding = 4; lastKnownFileType = sourcecode.c.h; path = ASIHTTPRequest.h; sourceTree = "<group>"; };
		BF97E2A01769AE6C00249B2A /* ASIHTTPRequest.m */ = {isa = PBXFileReference; fileEncoding = 4; lastKnownFileType = sourcecode.c.objc; path = ASIHTTPRequest.m; sourceTree = "<group>"; };
		BF97E2A11769AE6C00249B2A /* ASIHTTPRequestConfig.h */ = {isa = PBXFileReference; fileEncoding = 4; lastKnownFileType = sourcecode.c.h; path = ASIHTTPRequestConfig.h; sourceTree = "<group>"; };
		BF97E2A21769AE6C00249B2A /* ASIHTTPRequestDelegate.h */ = {isa = PBXFileReference; fileEncoding = 4; lastKnownFileType = sourcecode.c.h; path = ASIHTTPRequestDelegate.h; sourceTree = "<group>"; };
		BF97E2A31769AE6C00249B2A /* ASIInputStream.h */ = {isa = PBXFileReference; fileEncoding = 4; lastKnownFileType = sourcecode.c.h; path = ASIInputStream.h; sourceTree = "<group>"; };
		BF97E2A41769AE6C00249B2A /* ASIInputStream.m */ = {isa = PBXFileReference; fileEncoding = 4; lastKnownFileType = sourcecode.c.objc; path = ASIInputStream.m; sourceTree = "<group>"; };
		BF97E2A51769AE6C00249B2A /* ASINetworkQueue.h */ = {isa = PBXFileReference; fileEncoding = 4; lastKnownFileType = sourcecode.c.h; path = ASINetworkQueue.h; sourceTree = "<group>"; };
		BF97E2A61769AE6C00249B2A /* ASINetworkQueue.m */ = {isa = PBXFileReference; fileEncoding = 4; lastKnownFileType = sourcecode.c.objc; path = ASINetworkQueue.m; sourceTree = "<group>"; };
		BF97E2A71769AE6C00249B2A /* ASIProgressDelegate.h */ = {isa = PBXFileReference; fileEncoding = 4; lastKnownFileType = sourcecode.c.h; path = ASIProgressDelegate.h; sourceTree = "<group>"; };
		BF97E2A81769AE6C00249B2A /* Reachability.h */ = {isa = PBXFileReference; fileEncoding = 4; lastKnownFileType = sourcecode.c.h; path = Reachability.h; sourceTree = "<group>"; };
		BF97E2A91769AE6C00249B2A /* Reachability.m */ = {isa = PBXFileReference; fileEncoding = 4; lastKnownFileType = sourcecode.c.objc; path = Reachability.m; sourceTree = "<group>"; };
		BF97E2AB1769AE6C00249B2A /* JSONKit.h */ = {isa = PBXFileReference; fileEncoding = 4; lastKnownFileType = sourcecode.c.h; path = JSONKit.h; sourceTree = "<group>"; };
		BF97E2AC1769AE6C00249B2A /* JSONKit.m */ = {isa = PBXFileReference; fileEncoding = 4; lastKnownFileType = sourcecode.c.objc; path = JSONKit.m; sourceTree = "<group>"; };
		BF97E2AE1769AE6C00249B2A /* XMLReader.h */ = {isa = PBXFileReference; fileEncoding = 4; lastKnownFileType = sourcecode.c.h; path = XMLReader.h; sourceTree = "<group>"; };
		BF97E2AF1769AE6C00249B2A /* XMLReader.m */ = {isa = PBXFileReference; fileEncoding = 4; lastKnownFileType = sourcecode.c.objc; path = XMLReader.m; sourceTree = "<group>"; };
		BF97E2BD1769AED300249B2A /* TSDataBase */ = {isa = PBXFileReference; lastKnownFileType = file; path = TSDataBase; sourceTree = "<group>"; };
		BF97E2C21769B08B00249B2A /* RootViewController.h */ = {isa = PBXFileReference; fileEncoding = 4; lastKnownFileType = sourcecode.c.h; path = RootViewController.h; sourceTree = "<group>"; };
		BF97E2C31769B08B00249B2A /* RootViewController.m */ = {isa = PBXFileReference; fileEncoding = 4; lastKnownFileType = sourcecode.c.objc; path = RootViewController.m; sourceTree = "<group>"; };
		BF97E2C41769B08B00249B2A /* RootViewController.xib */ = {isa = PBXFileReference; fileEncoding = 4; lastKnownFileType = file.xib; path = RootViewController.xib; sourceTree = "<group>"; };
		BF97E2C91769C2E800249B2A /* DemoClient.h */ = {isa = PBXFileReference; fileEncoding = 4; lastKnownFileType = sourcecode.c.h; path = DemoClient.h; sourceTree = "<group>"; };
		BF97E2CA1769C2E800249B2A /* DemoClient.m */ = {isa = PBXFileReference; fileEncoding = 4; lastKnownFileType = sourcecode.c.objc; path = DemoClient.m; sourceTree = "<group>"; };
		BF97E2CD1769D01C00249B2A /* MBProgressHUD.h */ = {isa = PBXFileReference; fileEncoding = 4; lastKnownFileType = sourcecode.c.h; path = MBProgressHUD.h; sourceTree = "<group>"; };
		BF97E2CE1769D01C00249B2A /* MBProgressHUD.m */ = {isa = PBXFileReference; fileEncoding = 4; lastKnownFileType = sourcecode.c.objc; path = MBProgressHUD.m; sourceTree = "<group>"; };
		BF97E2D01769D19800249B2A /* libsqlite3.dylib */ = {isa = PBXFileReference; lastKnownFileType = "compiled.mach-o.dylib"; name = libsqlite3.dylib; path = usr/lib/libsqlite3.dylib; sourceTree = SDKROOT; };
		BF97E2D21769D19E00249B2A /* libz.dylib */ = {isa = PBXFileReference; lastKnownFileType = "compiled.mach-o.dylib"; name = libz.dylib; path = usr/lib/libz.dylib; sourceTree = SDKROOT; };
		BF97E2D41769D1AA00249B2A /* SystemConfiguration.framework */ = {isa = PBXFileReference; lastKnownFileType = wrapper.framework; name = SystemConfiguration.framework; path = System/Library/Frameworks/SystemConfiguration.framework; sourceTree = SDKROOT; };
		BF97E2D61769D1B300249B2A /* QuartzCore.framework */ = {isa = PBXFileReference; lastKnownFileType = wrapper.framework; name = QuartzCore.framework; path = System/Library/Frameworks/QuartzCore.framework; sourceTree = SDKROOT; };
		BF97E2D81769D1B700249B2A /* CFNetwork.framework */ = {isa = PBXFileReference; lastKnownFileType = wrapper.framework; name = CFNetwork.framework; path = System/Library/Frameworks/CFNetwork.framework; sourceTree = SDKROOT; };
		BF97E2DA1769D1C400249B2A /* MobileCoreServices.framework */ = {isa = PBXFileReference; lastKnownFileType = wrapper.framework; name = MobileCoreServices.framework; path = System/Library/Frameworks/MobileCoreServices.framework; sourceTree = SDKROOT; };
		BF97E2DC1769D1EA00249B2A /* ImageIO.framework */ = {isa = PBXFileReference; lastKnownFileType = wrapper.framework; name = ImageIO.framework; path = System/Library/Frameworks/ImageIO.framework; sourceTree = SDKROOT; };
		BF97E2DE1769D6AD00249B2A /* TSDefaultSmallImage.png */ = {isa = PBXFileReference; lastKnownFileType = image.png; path = TSDefaultSmallImage.png; sourceTree = "<group>"; };
		BFB70C39176A0FE600A433BA /* TSDBConnection.h */ = {isa = PBXFileReference; fileEncoding = 4; lastKnownFileType = sourcecode.c.h; path = TSDBConnection.h; sourceTree = "<group>"; };
		BFB70C3A176A0FE600A433BA /* TSDBConnection.m */ = {isa = PBXFileReference; fileEncoding = 4; lastKnownFileType = sourcecode.c.objc; path = TSDBConnection.m; sourceTree = "<group>"; };
		BFB70C3B176A0FE600A433BA /* TSStatement.h */ = {isa = PBXFileReference; fileEncoding = 4; lastKnownFileType = sourcecode.c.h; path = TSStatement.h; sourceTree = "<group>"; };
		BFB70C3C176A0FE600A433BA /* TSStatement.m */ = {isa = PBXFileReference; fileEncoding = 4; lastKnownFileType = sourcecode.c.objc; path = TSStatement.m; sourceTree = "<group>"; };
		BFB70C3E176A0FE600A433BA /* TSImageDownloader.h */ = {isa = PBXFileReference; fileEncoding = 4; lastKnownFileType = sourcecode.c.h; path = TSImageDownloader.h; sourceTree = "<group>"; };
		BFB70C3F176A0FE600A433BA /* TSImageDownloader.m */ = {isa = PBXFileReference; fileEncoding = 4; lastKnownFileType = sourcecode.c.objc; path = TSImageDownloader.m; sourceTree = "<group>"; };
		BFB70C40176A0FE600A433BA /* TSImageStore.h */ = {isa = PBXFileReference; fileEncoding = 4; lastKnownFileType = sourcecode.c.h; path = TSImageStore.h; sourceTree = "<group>"; };
		BFB70C41176A0FE600A433BA /* TSImageStore.m */ = {isa = PBXFileReference; fileEncoding = 4; lastKnownFileType = sourcecode.c.objc; path = TSImageStore.m; sourceTree = "<group>"; };
		BFB70C42176A0FE600A433BA /* TSImageStoreReceiver.h */ = {isa = PBXFileReference; fileEncoding = 4; lastKnownFileType = sourcecode.c.h; path = TSImageStoreReceiver.h; sourceTree = "<group>"; };
		BFB70C43176A0FE600A433BA /* TSImageStoreReceiver.m */ = {isa = PBXFileReference; fileEncoding = 4; lastKnownFileType = sourcecode.c.objc; path = TSImageStoreReceiver.m; sourceTree = "<group>"; };
		BFB70C45176A0FE600A433BA /* TSBaseClient.h */ = {isa = PBXFileReference; fileEncoding = 4; lastKnownFileType = sourcecode.c.h; path = TSBaseClient.h; sourceTree = "<group>"; };
		BFB70C46176A0FE600A433BA /* TSBaseClient.m */ = {isa = PBXFileReference; fileEncoding = 4; lastKnownFileType = sourcecode.c.objc; path = TSBaseClient.m; sourceTree = "<group>"; };
		BFB70C47176A0FE600A433BA /* TSClientQueue.h */ = {isa = PBXFileReference; fileEncoding = 4; lastKnownFileType = sourcecode.c.h; path = TSClientQueue.h; sourceTree = "<group>"; };
		BFB70C48176A0FE600A433BA /* TSClientQueue.m */ = {isa = PBXFileReference; fileEncoding = 4; lastKnownFileType = sourcecode.c.objc; path = TSClientQueue.m; sourceTree = "<group>"; };
		BFB70C4A176A0FE600A433BA /* TSImageButton.h */ = {isa = PBXFileReference; fileEncoding = 4; lastKnownFileType = sourcecode.c.h; path = TSImageButton.h; sourceTree = "<group>"; };
		BFB70C4B176A0FE600A433BA /* TSImageButton.m */ = {isa = PBXFileReference; fileEncoding = 4; lastKnownFileType = sourcecode.c.objc; path = TSImageButton.m; sourceTree = "<group>"; };
		BFB70C4C176A0FE600A433BA /* TSImageDelegate.h */ = {isa = PBXFileReference; fileEncoding = 4; lastKnownFileType = sourcecode.c.h; path = TSImageDelegate.h; sourceTree = "<group>"; };
		BFB70C4D176A0FE600A433BA /* TSImageView.h */ = {isa = PBXFileReference; fileEncoding = 4; lastKnownFileType = sourcecode.c.h; path = TSImageView.h; sourceTree = "<group>"; };
		BFB70C4E176A0FE600A433BA /* TSImageView.m */ = {isa = PBXFileReference; fileEncoding = 4; lastKnownFileType = sourcecode.c.objc; path = TSImageView.m; sourceTree = "<group>"; };
		BFB70C4F176A0FE600A433BA /* TSNetwork.h */ = {isa = PBXFileReference; fileEncoding = 4; lastKnownFileType = sourcecode.c.h; name = TSNetwork.h; path = ../../Source/TSNetwork.h; sourceTree = "<group>"; };
/* End PBXFileReference section */

/* Begin PBXFrameworksBuildPhase section */
		BF97E2451769A64300249B2A /* Frameworks */ = {
			isa = PBXFrameworksBuildPhase;
			buildActionMask = 2147483647;
			files = (
				BF97E2DD1769D1EA00249B2A /* ImageIO.framework in Frameworks */,
				BF97E2DB1769D1C400249B2A /* MobileCoreServices.framework in Frameworks */,
				BF97E2D91769D1B700249B2A /* CFNetwork.framework in Frameworks */,
				BF97E2D71769D1B300249B2A /* QuartzCore.framework in Frameworks */,
				BF97E2D51769D1AB00249B2A /* SystemConfiguration.framework in Frameworks */,
				BF97E2D31769D19E00249B2A /* libz.dylib in Frameworks */,
				BF97E2D11769D19800249B2A /* libsqlite3.dylib in Frameworks */,
				BF97E24C1769A64300249B2A /* UIKit.framework in Frameworks */,
				BF97E24E1769A64300249B2A /* Foundation.framework in Frameworks */,
				BF97E2501769A64300249B2A /* CoreGraphics.framework in Frameworks */,
			);
			runOnlyForDeploymentPostprocessing = 0;
		};
/* End PBXFrameworksBuildPhase section */

/* Begin PBXGroup section */
		BF97E23F1769A64300249B2A = {
			isa = PBXGroup;
			children = (
				BF97E2511769A64300249B2A /* TSNetwork */,
				BF97E24A1769A64300249B2A /* Frameworks */,
				BF97E2491769A64300249B2A /* Products */,
			);
			sourceTree = "<group>";
		};
		BF97E2491769A64300249B2A /* Products */ = {
			isa = PBXGroup;
			children = (
				BF97E2481769A64300249B2A /* TSNetwork.app */,
			);
			name = Products;
			sourceTree = "<group>";
		};
		BF97E24A1769A64300249B2A /* Frameworks */ = {
			isa = PBXGroup;
			children = (
				BF97E2DC1769D1EA00249B2A /* ImageIO.framework */,
				BF97E2DA1769D1C400249B2A /* MobileCoreServices.framework */,
				BF97E2D81769D1B700249B2A /* CFNetwork.framework */,
				BF97E2D61769D1B300249B2A /* QuartzCore.framework */,
				BF97E2D41769D1AA00249B2A /* SystemConfiguration.framework */,
				BF97E2D21769D19E00249B2A /* libz.dylib */,
				BF97E2D01769D19800249B2A /* libsqlite3.dylib */,
				BF97E24B1769A64300249B2A /* UIKit.framework */,
				BF97E24D1769A64300249B2A /* Foundation.framework */,
				BF97E24F1769A64300249B2A /* CoreGraphics.framework */,
			);
			name = Frameworks;
			sourceTree = "<group>";
		};
		BF97E2511769A64300249B2A /* TSNetwork */ = {
			isa = PBXGroup;
			children = (
				BFB70C36176A0FDA00A433BA /* TSNetwork */,
				BF97E2C71769C2BF00249B2A /* Common */,
				BF97E2921769AE6C00249B2A /* Library */,
				BF97E2BB1769AE8700249B2A /* Controllers */,
				BF97E2521769A64300249B2A /* Supporting Files */,
			);
			path = TSNetwork;
			sourceTree = "<group>";
		};
		BF97E2521769A64300249B2A /* Supporting Files */ = {
			isa = PBXGroup;
			children = (
				BF97E2DE1769D6AD00249B2A /* TSDefaultSmallImage.png */,
				BF97E2BD1769AED300249B2A /* TSDataBase */,
				BF97E2531769A64300249B2A /* TSNetwork-Info.plist */,
				BF97E2541769A64300249B2A /* InfoPlist.strings */,
				BF97E2571769A64300249B2A /* main.m */,
				BF97E2591769A64300249B2A /* TSNetwork-Prefix.pch */,
				BF97E25D1769A64300249B2A /* Default.png */,
				BF97E25F1769A64300249B2A /* Default@2x.png */,
				BF97E2611769A64300249B2A /* Default-568h@2x.png */,
			);
			name = "Supporting Files";
			sourceTree = "<group>";
		};
		BF97E2921769AE6C00249B2A /* Library */ = {
			isa = PBXGroup;
			children = (
				BF97E2CC1769D01C00249B2A /* MBProgress */,
				BF97E2931769AE6C00249B2A /* ASIHTTPRequest */,
				BF97E2AA1769AE6C00249B2A /* JSONKit */,
				BF97E2AD1769AE6C00249B2A /* XML */,
			);
			path = Library;
			sourceTree = "<group>";
		};
		BF97E2931769AE6C00249B2A /* ASIHTTPRequest */ = {
			isa = PBXGroup;
			children = (
				BF97E2941769AE6C00249B2A /* ASIAuthenticationDialog.h */,
				BF97E2951769AE6C00249B2A /* ASIAuthenticationDialog.m */,
				BF97E2961769AE6C00249B2A /* ASICacheDelegate.h */,
				BF97E2971769AE6C00249B2A /* ASIDataCompressor.h */,
				BF97E2981769AE6C00249B2A /* ASIDataCompressor.m */,
				BF97E2991769AE6C00249B2A /* ASIDataDecompressor.h */,
				BF97E29A1769AE6C00249B2A /* ASIDataDecompressor.m */,
				BF97E29B1769AE6C00249B2A /* ASIDownloadCache.h */,
				BF97E29C1769AE6C00249B2A /* ASIDownloadCache.m */,
				BF97E29D1769AE6C00249B2A /* ASIFormDataRequest.h */,
				BF97E29E1769AE6C00249B2A /* ASIFormDataRequest.m */,
				BF97E29F1769AE6C00249B2A /* ASIHTTPRequest.h */,
				BF97E2A01769AE6C00249B2A /* ASIHTTPRequest.m */,
				BF97E2A11769AE6C00249B2A /* ASIHTTPRequestConfig.h */,
				BF97E2A21769AE6C00249B2A /* ASIHTTPRequestDelegate.h */,
				BF97E2A31769AE6C00249B2A /* ASIInputStream.h */,
				BF97E2A41769AE6C00249B2A /* ASIInputStream.m */,
				BF97E2A51769AE6C00249B2A /* ASINetworkQueue.h */,
				BF97E2A61769AE6C00249B2A /* ASINetworkQueue.m */,
				BF97E2A71769AE6C00249B2A /* ASIProgressDelegate.h */,
				BF97E2A81769AE6C00249B2A /* Reachability.h */,
				BF97E2A91769AE6C00249B2A /* Reachability.m */,
			);
			path = ASIHTTPRequest;
			sourceTree = "<group>";
		};
		BF97E2AA1769AE6C00249B2A /* JSONKit */ = {
			isa = PBXGroup;
			children = (
				BF97E2AB1769AE6C00249B2A /* JSONKit.h */,
				BF97E2AC1769AE6C00249B2A /* JSONKit.m */,
			);
			path = JSONKit;
			sourceTree = "<group>";
		};
		BF97E2AD1769AE6C00249B2A /* XML */ = {
			isa = PBXGroup;
			children = (
				BF97E2AE1769AE6C00249B2A /* XMLReader.h */,
				BF97E2AF1769AE6C00249B2A /* XMLReader.m */,
			);
			path = XML;
			sourceTree = "<group>";
		};
		BF97E2BB1769AE8700249B2A /* Controllers */ = {
			isa = PBXGroup;
			children = (
				BF97E2BC1769AEA000249B2A /* Application */,
				BF97E2C21769B08B00249B2A /* RootViewController.h */,
				BF97E2C31769B08B00249B2A /* RootViewController.m */,
				BF97E2C41769B08B00249B2A /* RootViewController.xib */,
			);
			name = Controllers;
			sourceTree = "<group>";
		};
		BF97E2BC1769AEA000249B2A /* Application */ = {
			isa = PBXGroup;
			children = (
				BF97E25A1769A64300249B2A /* AppDelegate.h */,
				BF97E25B1769A64300249B2A /* AppDelegate.m */,
			);
			name = Application;
			sourceTree = "<group>";
		};
		BF97E2C71769C2BF00249B2A /* Common */ = {
			isa = PBXGroup;
			children = (
				BF97E2C81769C2CB00249B2A /* Network */,
			);
			name = Common;
			sourceTree = "<group>";
		};
		BF97E2C81769C2CB00249B2A /* Network */ = {
			isa = PBXGroup;
			children = (
				BF97E2C91769C2E800249B2A /* DemoClient.h */,
				BF97E2CA1769C2E800249B2A /* DemoClient.m */,
			);
			name = Network;
			sourceTree = "<group>";
		};
		BF97E2CC1769D01C00249B2A /* MBProgress */ = {
			isa = PBXGroup;
			children = (
				BF97E2CD1769D01C00249B2A /* MBProgressHUD.h */,
				BF97E2CE1769D01C00249B2A /* MBProgressHUD.m */,
			);
			path = MBProgress;
			sourceTree = "<group>";
		};
		BFB70C36176A0FDA00A433BA /* TSNetwork */ = {
			isa = PBXGroup;
			children = (
				BFB70C37176A0FE600A433BA /* Engine */,
				BFB70C4F176A0FE600A433BA /* TSNetwork.h */,
			);
			name = TSNetwork;
			sourceTree = "<group>";
		};
		BFB70C37176A0FE600A433BA /* Engine */ = {
			isa = PBXGroup;
			children = (
				BFB70C38176A0FE600A433BA /* Database */,
				BFB70C3D176A0FE600A433BA /* ImageStore */,
				BFB70C44176A0FE600A433BA /* Network */,
				BFB70C49176A0FE600A433BA /* UIViewEx */,
			);
			name = Engine;
			path = ../../Source/Engine;
			sourceTree = "<group>";
		};
		BFB70C38176A0FE600A433BA /* Database */ = {
			isa = PBXGroup;
			children = (
				BFB70C39176A0FE600A433BA /* TSDBConnection.h */,
				BFB70C3A176A0FE600A433BA /* TSDBConnection.m */,
				BFB70C3B176A0FE600A433BA /* TSStatement.h */,
				BFB70C3C176A0FE600A433BA /* TSStatement.m */,
			);
			path = Database;
			sourceTree = "<group>";
		};
		BFB70C3D176A0FE600A433BA /* ImageStore */ = {
			isa = PBXGroup;
			children = (
				BFB70C3E176A0FE600A433BA /* TSImageDownloader.h */,
				BFB70C3F176A0FE600A433BA /* TSImageDownloader.m */,
				BFB70C40176A0FE600A433BA /* TSImageStore.h */,
				BFB70C41176A0FE600A433BA /* TSImageStore.m */,
				BFB70C42176A0FE600A433BA /* TSImageStoreReceiver.h */,
				BFB70C43176A0FE600A433BA /* TSImageStoreReceiver.m */,
			);
			path = ImageStore;
			sourceTree = "<group>";
		};
		BFB70C44176A0FE600A433BA /* Network */ = {
			isa = PBXGroup;
			children = (
				BFB70C45176A0FE600A433BA /* TSBaseClient.h */,
				BFB70C46176A0FE600A433BA /* TSBaseClient.m */,
				BFB70C47176A0FE600A433BA /* TSClientQueue.h */,
				BFB70C48176A0FE600A433BA /* TSClientQueue.m */,
			);
			path = Network;
			sourceTree = "<group>";
		};
		BFB70C49176A0FE600A433BA /* UIViewEx */ = {
			isa = PBXGroup;
			children = (
				BFB70C4A176A0FE600A433BA /* TSImageButton.h */,
				BFB70C4B176A0FE600A433BA /* TSImageButton.m */,
				BFB70C4C176A0FE600A433BA /* TSImageDelegate.h */,
				BFB70C4D176A0FE600A433BA /* TSImageView.h */,
				BFB70C4E176A0FE600A433BA /* TSImageView.m */,
			);
			path = UIViewEx;
			sourceTree = "<group>";
		};
/* End PBXGroup section */

/* Begin PBXNativeTarget section */
		BF97E2471769A64300249B2A /* TSNetwork */ = {
			isa = PBXNativeTarget;
			buildConfigurationList = BF97E2651769A64400249B2A /* Build configuration list for PBXNativeTarget "TSNetwork" */;
			buildPhases = (
				BF97E2441769A64300249B2A /* Sources */,
				BF97E2451769A64300249B2A /* Frameworks */,
				BF97E2461769A64300249B2A /* Resources */,
			);
			buildRules = (
			);
			dependencies = (
			);
			name = TSNetwork;
			productName = TSNetwork;
			productReference = BF97E2481769A64300249B2A /* TSNetwork.app */;
			productType = "com.apple.product-type.application";
		};
/* End PBXNativeTarget section */

/* Begin PBXProject section */
		BF97E2401769A64300249B2A /* Project object */ = {
			isa = PBXProject;
			attributes = {
				LastUpgradeCheck = 0460;
				ORGANIZATIONNAME = TSinghua;
			};
			buildConfigurationList = BF97E2431769A64300249B2A /* Build configuration list for PBXProject "TSNetwork" */;
			compatibilityVersion = "Xcode 3.2";
			developmentRegion = English;
			hasScannedForEncodings = 0;
			knownRegions = (
				en,
			);
			mainGroup = BF97E23F1769A64300249B2A;
			productRefGroup = BF97E2491769A64300249B2A /* Products */;
			projectDirPath = "";
			projectRoot = "";
			targets = (
				BF97E2471769A64300249B2A /* TSNetwork */,
			);
		};
/* End PBXProject section */

/* Begin PBXResourcesBuildPhase section */
		BF97E2461769A64300249B2A /* Resources */ = {
			isa = PBXResourcesBuildPhase;
			buildActionMask = 2147483647;
			files = (
				BF97E2561769A64300249B2A /* InfoPlist.strings in Resources */,
				BF97E25E1769A64300249B2A /* Default.png in Resources */,
				BF97E2601769A64300249B2A /* Default@2x.png in Resources */,
				BF97E2621769A64300249B2A /* Default-568h@2x.png in Resources */,
				BF97E2BE1769AED300249B2A /* TSDataBase in Resources */,
				BF97E2C61769B08B00249B2A /* RootViewController.xib in Resources */,
				BF97E2DF1769D6AD00249B2A /* TSDefaultSmallImage.png in Resources */,
			);
			runOnlyForDeploymentPostprocessing = 0;
		};
/* End PBXResourcesBuildPhase section */

/* Begin PBXSourcesBuildPhase section */
		BF97E2441769A64300249B2A /* Sources */ = {
			isa = PBXSourcesBuildPhase;
			buildActionMask = 2147483647;
			files = (
				BF97E2581769A64300249B2A /* main.m in Sources */,
				BF97E25C1769A64300249B2A /* AppDelegate.m in Sources */,
				BF97E2B01769AE6C00249B2A /* ASIAuthenticationDialog.m in Sources */,
				BF97E2B11769AE6C00249B2A /* ASIDataCompressor.m in Sources */,
				BF97E2B21769AE6C00249B2A /* ASIDataDecompressor.m in Sources */,
				BF97E2B31769AE6C00249B2A /* ASIDownloadCache.m in Sources */,
				BF97E2B41769AE6C00249B2A /* ASIFormDataRequest.m in Sources */,
				BF97E2B51769AE6C00249B2A /* ASIHTTPRequest.m in Sources */,
				BF97E2B61769AE6C00249B2A /* ASIInputStream.m in Sources */,
				BF97E2B71769AE6C00249B2A /* ASINetworkQueue.m in Sources */,
				BF97E2B81769AE6C00249B2A /* Reachability.m in Sources */,
				BF97E2B91769AE6C00249B2A /* JSONKit.m in Sources */,
				BF97E2BA1769AE6C00249B2A /* XMLReader.m in Sources */,
				BF97E2C51769B08B00249B2A /* RootViewController.m in Sources */,
				BF97E2CB1769C2E800249B2A /* DemoClient.m in Sources */,
				BF97E2CF1769D01C00249B2A /* MBProgressHUD.m in Sources */,
				BFB70C50176A0FE600A433BA /* TSDBConnection.m in Sources */,
				BFB70C51176A0FE600A433BA /* TSStatement.m in Sources */,
				BFB70C52176A0FE600A433BA /* TSImageDownloader.m in Sources */,
				BFB70C53176A0FE600A433BA /* TSImageStore.m in Sources */,
				BFB70C54176A0FE600A433BA /* TSImageStoreReceiver.m in Sources */,
				BFB70C55176A0FE600A433BA /* TSBaseClient.m in Sources */,
				BFB70C56176A0FE600A433BA /* TSClientQueue.m in Sources */,
				BFB70C57176A0FE600A433BA /* TSImageButton.m in Sources */,
				BFB70C58176A0FE600A433BA /* TSImageView.m in Sources */,
			);
			runOnlyForDeploymentPostprocessing = 0;
		};
/* End PBXSourcesBuildPhase section */

/* Begin PBXVariantGroup section */
		BF97E2541769A64300249B2A /* InfoPlist.strings */ = {
			isa = PBXVariantGroup;
			children = (
				BF97E2551769A64300249B2A /* en */,
			);
			name = InfoPlist.strings;
			sourceTree = "<group>";
		};
/* End PBXVariantGroup section */

/* Begin XCBuildConfiguration section */
		BF97E2631769A64300249B2A /* Debug */ = {
			isa = XCBuildConfiguration;
			buildSettings = {
				ALWAYS_SEARCH_USER_PATHS = NO;
				CLANG_CXX_LANGUAGE_STANDARD = "gnu++0x";
				CLANG_CXX_LIBRARY = "libc++";
				CLANG_WARN_CONSTANT_CONVERSION = YES;
				CLANG_WARN_EMPTY_BODY = YES;
				CLANG_WARN_ENUM_CONVERSION = YES;
				CLANG_WARN_INT_CONVERSION = YES;
				CLANG_WARN__DUPLICATE_METHOD_MATCH = YES;
				"CODE_SIGN_IDENTITY[sdk=iphoneos*]" = "iPhone Developer";
				COPY_PHASE_STRIP = NO;
				GCC_C_LANGUAGE_STANDARD = gnu99;
				GCC_DYNAMIC_NO_PIC = NO;
				GCC_OPTIMIZATION_LEVEL = 0;
				GCC_PREPROCESSOR_DEFINITIONS = (
					"DEBUG=1",
					"$(inherited)",
				);
				GCC_SYMBOLS_PRIVATE_EXTERN = NO;
				GCC_WARN_ABOUT_RETURN_TYPE = YES;
				GCC_WARN_UNINITIALIZED_AUTOS = YES;
				GCC_WARN_UNUSED_VARIABLE = YES;
				IPHONEOS_DEPLOYMENT_TARGET = 6.1;
				ONLY_ACTIVE_ARCH = YES;
				SDKROOT = iphoneos;
				TARGETED_DEVICE_FAMILY = "1,2";
			};
			name = Debug;
		};
		BF97E2641769A64400249B2A /* Release */ = {
			isa = XCBuildConfiguration;
			buildSettings = {
				ALWAYS_SEARCH_USER_PATHS = NO;
				CLANG_CXX_LANGUAGE_STANDARD = "gnu++0x";
				CLANG_CXX_LIBRARY = "libc++";
				CLANG_WARN_CONSTANT_CONVERSION = YES;
				CLANG_WARN_EMPTY_BODY = YES;
				CLANG_WARN_ENUM_CONVERSION = YES;
				CLANG_WARN_INT_CONVERSION = YES;
				CLANG_WARN__DUPLICATE_METHOD_MATCH = YES;
				"CODE_SIGN_IDENTITY[sdk=iphoneos*]" = "iPhone Developer";
				COPY_PHASE_STRIP = YES;
				GCC_C_LANGUAGE_STANDARD = gnu99;
				GCC_WARN_ABOUT_RETURN_TYPE = YES;
				GCC_WARN_UNINITIALIZED_AUTOS = YES;
				GCC_WARN_UNUSED_VARIABLE = YES;
				IPHONEOS_DEPLOYMENT_TARGET = 6.1;
				OTHER_CFLAGS = "-DNS_BLOCK_ASSERTIONS=1";
				SDKROOT = iphoneos;
				TARGETED_DEVICE_FAMILY = "1,2";
				VALIDATE_PRODUCT = YES;
			};
			name = Release;
		};
		BF97E2661769A64400249B2A /* Debug */ = {
			isa = XCBuildConfiguration;
			buildSettings = {
				GCC_PRECOMPILE_PREFIX_HEADER = YES;
				GCC_PREFIX_HEADER = "TSNetwork/TSNetwork-Prefix.pch";
				INFOPLIST_FILE = "TSNetwork/TSNetwork-Info.plist";
				IPHONEOS_DEPLOYMENT_TARGET = 4.3;
				PRODUCT_NAME = "$(TARGET_NAME)";
				WRAPPER_EXTENSION = app;
			};
			name = Debug;
		};
		BF97E2671769A64400249B2A /* Release */ = {
			isa = XCBuildConfiguration;
			buildSettings = {
				GCC_PRECOMPILE_PREFIX_HEADER = YES;
				GCC_PREFIX_HEADER = "TSNetwork/TSNetwork-Prefix.pch";
				INFOPLIST_FILE = "TSNetwork/TSNetwork-Info.plist";
				IPHONEOS_DEPLOYMENT_TARGET = 4.3;
				PRODUCT_NAME = "$(TARGET_NAME)";
				WRAPPER_EXTENSION = app;
			};
			name = Release;
		};
/* End XCBuildConfiguration section */

/* Begin XCConfigurationList section */
		BF97E2431769A64300249B2A /* Build configuration list for PBXProject "TSNetwork" */ = {
			isa = XCConfigurationList;
			buildConfigurations = (
				BF97E2631769A64300249B2A /* Debug */,
				BF97E2641769A64400249B2A /* Release */,
			);
			defaultConfigurationIsVisible = 0;
			defaultConfigurationName = Release;
		};
		BF97E2651769A64400249B2A /* Build configuration list for PBXNativeTarget "TSNetwork" */ = {
			isa = XCConfigurationList;
			buildConfigurations = (
				BF97E2661769A64400249B2A /* Debug */,
				BF97E2671769A64400249B2A /* Release */,
			);
			defaultConfigurationIsVisible = 0;
			defaultConfigurationName = Release;
		};
/* End XCConfigurationList section */
	};
	rootObject = BF97E2401769A64300249B2A /* Project object */;
}
